
Microsoft Visual Studio Solution File, Format Version 12.00
# Visual Studio 15
VisualStudioVersion = 15.0.28307.572
MinimumVisualStudioVersion = 10.0.40219.1
Project("{FAE04EC0-301F-11D3-BF4B-00C04F79EFBC}") = "WebApplication7", "WebApplication7\WebApplication7.csproj", "{00151765-1AB0-4EF9-B706-5BDAD0DA979E}"
EndProject
Global
	GlobalSection(SolutionConfigurationPlatforms) = preSolution
		Debug|Any CPU = Debug|Any CPU
		Release|Any CPU = Release|Any CPU
	EndGlobalSection
	GlobalSection(ProjectConfigurationPlatforms) = postSolution
		{00151765-1AB0-4EF9-B706-5BDAD0DA979E}.Debug|Any CPU.ActiveCfg = Debug|Any CPU
		{00151765-1AB0-4EF9-B706-5BDAD0DA979E}.Debug|Any CPU.Build.0 = Debug|Any CPU
		{00151765-1AB0-4EF9-B706-5BDAD0DA979E}.Release|Any CPU.ActiveCfg = Release|Any CPU
		{00151765-1AB0-4EF9-B706-5BDAD0DA979E}.Release|Any CPU.Build.0 = Release|Any CPU
	EndGlobalSection
	GlobalSection(SolutionProperties) = preSolution
		HideSolutionNode = FALSE
	EndGlobalSection
	GlobalSection(ExtensibilityGlobals) = postSolution
		SolutionGuid = {F5339F9C-3DD0-4360-80C5-E3602D30B851}
	EndGlobalSection
EndGlobal
